// !$*UTF8*$!
{
	archiveVersion = 1;
	classes = {
	};
	objectVersion = 46;
	objects = {

/* Begin PBXBuildFile section */
		0BBCA87DD96827A5DBBC4E5A /* z in Frameworks & Libraries */ = {isa = PBXBuildFile; fileRef = B17AB5A1BBB7CABB649D4526 /* z */; };
		2B093CA6F071B023A473CED0 /* main.cpp in Build Sources */ = {isa = PBXBuildFile; fileRef = 118FCBAABA162BA17933C789 /* main.cpp */; settings = {ATTRIBUTES = (); }; };
		51D4DBF7CB8537BE86EBD055 /* AppKit.framework in Frameworks & Libraries */ = {isa = PBXBuildFile; fileRef = 821416211D63F190AAAD016A /* AppKit.framework */; };
		5CAB9136880C7BA05E3AE547 /* QtCore.framework in Frameworks & Libraries */ = {isa = PBXBuildFile; fileRef = 5C57D404811C47138A9B8E0F /* QtCore.framework */; };
		785C012FC9A234B63E681EE7 /* png in Frameworks & Libraries */ = {isa = PBXBuildFile; fileRef = 42F0392158B562C755109433 /* png */; };
		85724A581088AC4E00B54B26 /* QGisLibTest.app in Project Copy */ = {isa = PBXBuildFile; fileRef = 85724A551088AC4E00B54B26 /* QGisLibTest.app */; };
		858B99EC1089C7BD0045197F /* libqgis_analysis.1.3.0.dylib in Frameworks & Libraries */ = {isa = PBXBuildFile; fileRef = 858B99EB1089C7BD0045197F /* libqgis_analysis.1.3.0.dylib */; };
		858B99EE1089C7BD0045197F /* libqgis_core.1.3.0.dylib in Frameworks & Libraries */ = {isa = PBXBuildFile; fileRef = 858B99ED1089C7BD0045197F /* libqgis_core.1.3.0.dylib */; };
		858B99F01089C7BD0045197F /* libqgis_gui.1.3.0.dylib in Frameworks & Libraries */ = {isa = PBXBuildFile; fileRef = 858B99EF1089C7BD0045197F /* libqgis_gui.1.3.0.dylib */; };
		858B9A261089D8700045197F /* libgdal.1.dylib in Frameworks & Libraries */ = {isa = PBXBuildFile; fileRef = 858B9A251089D8700045197F /* libgdal.1.dylib */; };
		858B9A751089DB930045197F /* QtXml.framework in Frameworks & Libraries */ = {isa = PBXBuildFile; fileRef = 858B9A741089DB930045197F /* QtXml.framework */; };
		A13F05658AE3F3F0BC3D7412 /* QtGui.framework in Frameworks & Libraries */ = {isa = PBXBuildFile; fileRef = DAA7448BEE363B17BC1C6550 /* QtGui.framework */; };
		A4582233947FB7FB159573BB /* moc_MainWindow.cpp in Build Sources */ = {isa = PBXBuildFile; fileRef = 26827F2FC4DC4FBB23DE8287 /* moc_MainWindow.cpp */; settings = {ATTRIBUTES = (); }; };
		C8FD4A1AAA37CF2CA2824CCF /* Carbon.framework in Frameworks & Libraries */ = {isa = PBXBuildFile; fileRef = DA138F75C9F545CDAE7FB264 /* Carbon.framework */; };
		F7966146FE2682DF0478BEC0 /* MainWindow.cpp in Build Sources */ = {isa = PBXBuildFile; fileRef = B11157991606037817BE9D12 /* MainWindow.cpp */; settings = {ATTRIBUTES = (); }; };
		F9E76E570E10AF14870553A7 /* ApplicationServices.framework in Frameworks & Libraries */ = {isa = PBXBuildFile; fileRef = 27AE7A480FD6C52FCA80FECD /* ApplicationServices.framework */; };
/* End PBXBuildFile section */

/* Begin PBXCopyFilesBuildPhase section */
		F6069D5A5DA8AA28EDB8B3C6 /* Project Copy */ = {
			isa = PBXCopyFilesBuildPhase;
			buildActionMask = 2147483647;
			dstPath = /Users/rilley_elf/_dev/univer/9/DecisionSystems/QGisLibTest;
			dstSubfolderSpec = 0;
			files = (
				85724A581088AC4E00B54B26 /* QGisLibTest.app in Project Copy */,
			);
			name = "Project Copy";
			runOnlyForDeploymentPostprocessing = 0;
		};
/* End PBXCopyFilesBuildPhase section */

/* Begin PBXFileReference section */
		118FCBAABA162BA17933C789 /* main.cpp */ = {isa = PBXFileReference; lastKnownFileType = sourcecode.cpp.cpp; path = main.cpp; sourceTree = "<group>"; };
		26827F2FC4DC4FBB23DE8287 /* moc_MainWindow.cpp */ = {isa = PBXFileReference; lastKnownFileType = sourcecode.cpp.cpp; path = moc_MainWindow.cpp; sourceTree = "<group>"; };
		27AE7A480FD6C52FCA80FECD /* ApplicationServices.framework */ = {isa = PBXFileReference; lastKnownFileType = wrapper.framework; name = ApplicationServices.framework; path = /System/Library/Frameworks/ApplicationServices.framework; sourceTree = "<absolute>"; };
		42F0392158B562C755109433 /* png */ = {isa = PBXFileReference; lastKnownFileType = "compiled.mach-o.dylib"; name = png; path = /opt/local/lib/libpng12.0.dylib; sourceTree = "<absolute>"; };
		5C57D404811C47138A9B8E0F /* QtCore.framework */ = {isa = PBXFileReference; lastKnownFileType = wrapper.framework; name = QtCore.framework; path = "/opt/local/libexec/qt4-mac/lib/QtCore.framework"; sourceTree = "<absolute>"; };
		821416211D63F190AAAD016A /* AppKit.framework */ = {isa = PBXFileReference; lastKnownFileType = wrapper.framework; name = AppKit.framework; path = /System/Library/Frameworks/AppKit.framework; sourceTree = "<absolute>"; };
		85724A551088AC4E00B54B26 /* QGisLibTest.app */ = {isa = PBXFileReference; explicitFileType = wrapper.application; includeInIndex = 0; path = QGisLibTest.app; sourceTree = BUILT_PRODUCTS_DIR; };
		858B99EB1089C7BD0045197F /* libqgis_analysis.1.3.0.dylib */ = {isa = PBXFileReference; lastKnownFileType = "compiled.mach-o.dylib"; name = libqgis_analysis.1.3.0.dylib; path = /Users/rilley_elf/tests/qgis_lib/libqgis_analysis.1.3.0.dylib; sourceTree = "<absolute>"; };
		858B99ED1089C7BD0045197F /* libqgis_core.1.3.0.dylib */ = {isa = PBXFileReference; lastKnownFileType = "compiled.mach-o.dylib"; name = libqgis_core.1.3.0.dylib; path = /Users/rilley_elf/tests/qgis_lib/libqgis_core.1.3.0.dylib; sourceTree = "<absolute>"; };
		858B99EF1089C7BD0045197F /* libqgis_gui.1.3.0.dylib */ = {isa = PBXFileReference; lastKnownFileType = "compiled.mach-o.dylib"; name = libqgis_gui.1.3.0.dylib; path = /Users/rilley_elf/tests/qgis_lib/libqgis_gui.1.3.0.dylib; sourceTree = "<absolute>"; };
		858B9A251089D8700045197F /* libgdal.1.dylib */ = {isa = PBXFileReference; lastKnownFileType = "compiled.mach-o.dylib"; name = libgdal.1.dylib; path = /opt/local/lib/libgdal.1.dylib; sourceTree = "<absolute>"; };
		858B9A741089DB930045197F /* QtXml.framework */ = {isa = PBXFileReference; lastKnownFileType = wrapper.framework; name = QtXml.framework; path = "/opt/local/libexec/qt4-mac/lib/QtXml.framework"; sourceTree = "<absolute>"; };
		B11157991606037817BE9D12 /* MainWindow.cpp */ = {isa = PBXFileReference; lastKnownFileType = sourcecode.cpp.cpp; path = MainWindow.cpp; sourceTree = "<group>"; };
		B17AB5A1BBB7CABB649D4526 /* z */ = {isa = PBXFileReference; lastKnownFileType = "compiled.mach-o.dylib"; name = z; path = /opt/local/lib/libz.1.2.3.dylib; sourceTree = "<absolute>"; };
		BE4F12C8E894B1D68ACADC11 /* QGisLibTest.pro */ = {isa = PBXFileReference; lastKnownFileType = text; path = QGisLibTest.pro; sourceTree = "<group>"; };
		BE70EB99BDB216943CAF350C /* MainWindow.h */ = {isa = PBXFileReference; lastKnownFileType = sourcecode.c.h; path = MainWindow.h; sourceTree = "<group>"; };
		DA138F75C9F545CDAE7FB264 /* Carbon.framework */ = {isa = PBXFileReference; lastKnownFileType = wrapper.framework; name = Carbon.framework; path = /System/Library/Frameworks/Carbon.framework; sourceTree = "<absolute>"; };
		DAA7448BEE363B17BC1C6550 /* QtGui.framework */ = {isa = PBXFileReference; lastKnownFileType = wrapper.framework; name = QtGui.framework; path = "/opt/local/libexec/qt4-mac/lib/QtGui.framework"; sourceTree = "<absolute>"; };
/* End PBXFileReference section */

/* Begin PBXFrameworksBuildPhase section */
		2A1043669E6E5A7426EA502A /* Frameworks & Libraries */ = {
			isa = PBXFrameworksBuildPhase;
			buildActionMask = 2147483647;
			files = (
				A13F05658AE3F3F0BC3D7412 /* QtGui.framework in Frameworks & Libraries */,
				C8FD4A1AAA37CF2CA2824CCF /* Carbon.framework in Frameworks & Libraries */,
				51D4DBF7CB8537BE86EBD055 /* AppKit.framework in Frameworks & Libraries */,
				785C012FC9A234B63E681EE7 /* png in Frameworks & Libraries */,
				5CAB9136880C7BA05E3AE547 /* QtCore.framework in Frameworks & Libraries */,
				0BBCA87DD96827A5DBBC4E5A /* z in Frameworks & Libraries */,
				F9E76E570E10AF14870553A7 /* ApplicationServices.framework in Frameworks & Libraries */,
				858B99EC1089C7BD0045197F /* libqgis_analysis.1.3.0.dylib in Frameworks & Libraries */,
				858B99EE1089C7BD0045197F /* libqgis_core.1.3.0.dylib in Frameworks & Libraries */,
				858B99F01089C7BD0045197F /* libqgis_gui.1.3.0.dylib in Frameworks & Libraries */,
				858B9A261089D8700045197F /* libgdal.1.dylib in Frameworks & Libraries */,
				858B9A751089DB930045197F /* QtXml.framework in Frameworks & Libraries */,
			);
			name = "Frameworks & Libraries";
			runOnlyForDeploymentPostprocessing = 0;
		};
/* End PBXFrameworksBuildPhase section */

/* Begin PBXGroup section */
		05596AB53D8D521C69802C27 /* QGisLibTest */ = {
			isa = PBXGroup;
			children = (
				FB61758D0F0FDA4BA867C3D5 /* Sources */,
				46E892BBB6BB6952967E0561 /* Temporary Sources */,
				883D7615C4D2DE3FA1218F12 /* Headers */,
				7CABE3C80E79AD2B307756D2 /* Sources [qmake] */,
				ED1E82605DD74B483AF3C982 /* External Frameworks and Libraries */,
				85724A561088AC4E00B54B26 /* Products */,
			);
			name = QGisLibTest;
			sourceTree = "<group>";
		};
		46E892BBB6BB6952967E0561 /* Temporary Sources */ = {
			isa = PBXGroup;
			children = (
				26827F2FC4DC4FBB23DE8287 /* moc_MainWindow.cpp */,
			);
			name = "Temporary Sources";
			sourceTree = "<group>";
		};
		7CABE3C80E79AD2B307756D2 /* Sources [qmake] */ = {
			isa = PBXGroup;
			children = (
				BE4F12C8E894B1D68ACADC11 /* QGisLibTest.pro */,
			);
			name = "Sources [qmake]";
			sourceTree = "<group>";
		};
		85724A561088AC4E00B54B26 /* Products */ = {
			isa = PBXGroup;
			children = (
				85724A551088AC4E00B54B26 /* QGisLibTest.app */,
			);
			name = Products;
			sourceTree = "<group>";
		};
		883D7615C4D2DE3FA1218F12 /* Headers */ = {
			isa = PBXGroup;
			children = (
				BE70EB99BDB216943CAF350C /* MainWindow.h */,
			);
			name = Headers;
			sourceTree = "<group>";
		};
		ED1E82605DD74B483AF3C982 /* External Frameworks and Libraries */ = {
			isa = PBXGroup;
			children = (
				DAA7448BEE363B17BC1C6550 /* QtGui.framework */,
				DA138F75C9F545CDAE7FB264 /* Carbon.framework */,
				821416211D63F190AAAD016A /* AppKit.framework */,
				42F0392158B562C755109433 /* png */,
				5C57D404811C47138A9B8E0F /* QtCore.framework */,
				B17AB5A1BBB7CABB649D4526 /* z */,
				27AE7A480FD6C52FCA80FECD /* ApplicationServices.framework */,
				858B99EB1089C7BD0045197F /* libqgis_analysis.1.3.0.dylib */,
				858B99ED1089C7BD0045197F /* libqgis_core.1.3.0.dylib */,
				858B99EF1089C7BD0045197F /* libqgis_gui.1.3.0.dylib */,
				858B9A251089D8700045197F /* libgdal.1.dylib */,
				858B9A741089DB930045197F /* QtXml.framework */,
			);
			name = "External Frameworks and Libraries";
			sourceTree = "<group>";
		};
		FB61758D0F0FDA4BA867C3D5 /* Sources */ = {
			isa = PBXGroup;
			children = (
				118FCBAABA162BA17933C789 /* main.cpp */,
				B11157991606037817BE9D12 /* MainWindow.cpp */,
			);
			name = Sources;
			sourceTree = "<group>";
		};
/* End PBXGroup section */

/* Begin PBXNativeTarget section */
		C95A4AC6F0CD7116FA44EB56 /* QGisLibTest */ = {
			isa = PBXNativeTarget;
			buildConfigurationList = 85724A6C1088AC5A00B54B26 /* Build configuration list for PBXNativeTarget "QGisLibTest" */;
			buildPhases = (
				D7BA7D76DAB5DD13389D6332 /* Qt Qmake */,
				A0A52A2ADF7A1E2A99738674 /* Qt Preprocessors */,
				F6069D5A5DA8AA28EDB8B3C6 /* Project Copy */,
				C29B8785722055ED95EF7B57 /* Build Sources */,
				2A1043669E6E5A7426EA502A /* Frameworks & Libraries */,
				3787F99312C85FF0073FD7BA /* Bundle Resources */,
			);
			buildRules = (
			);
			dependencies = (
			);
			name = QGisLibTest;
			productName = QGisLibTest;
			productReference = 85724A551088AC4E00B54B26 /* QGisLibTest.app */;
			productType = "com.apple.product-type.application";
		};
/* End PBXNativeTarget section */

/* Begin PBXProject section */
		91B15E841AA80083484172DE /* Project object */ = {
			isa = PBXProject;
			buildConfigurationList = 2A951308CDB28F104D0A4BD2 /* Build configuration list for PBXProject "QGisLibTest" */;
			compatibilityVersion = "Xcode 3.2";
			hasScannedForEncodings = 1;
			mainGroup = 05596AB53D8D521C69802C27 /* QGisLibTest */;
			productRefGroup = 85724A561088AC4E00B54B26 /* Products */;
			projectDirPath = "";
			projectRoot = "";
			targets = (
				C95A4AC6F0CD7116FA44EB56 /* QGisLibTest */,
			);
		};
/* End PBXProject section */

/* Begin PBXResourcesBuildPhase section */
		3787F99312C85FF0073FD7BA /* Bundle Resources */ = {
			isa = PBXResourcesBuildPhase;
			buildActionMask = 2147483647;
			files = (
			);
			name = "Bundle Resources";
			runOnlyForDeploymentPostprocessing = 0;
		};
/* End PBXResourcesBuildPhase section */

/* Begin PBXShellScriptBuildPhase section */
		A0A52A2ADF7A1E2A99738674 /* Qt Preprocessors */ = {
			isa = PBXShellScriptBuildPhase;
			buildActionMask = 2147483647;
			files = (
			);
			name = "Qt Preprocessors";
			runOnlyForDeploymentPostprocessing = 0;
			shellPath = /bin/sh;
			shellScript = "make -C /Users/rilley_elf/_dev/univer/9/DecisionSystems/QGisLibTest -f QGisLibTest.xcodeproj/qt_preprocess.mak";
		};
		D7BA7D76DAB5DD13389D6332 /* Qt Qmake */ = {
			isa = PBXShellScriptBuildPhase;
			buildActionMask = 2147483647;
			files = (
			);
			name = "Qt Qmake";
			runOnlyForDeploymentPostprocessing = 0;
			shellPath = /bin/sh;
			shellScript = "make -C /Users/rilley_elf/_dev/univer/9/DecisionSystems/QGisLibTest -f QGisLibTest.xcodeproj/qt_makeqmake.mak";
		};
/* End PBXShellScriptBuildPhase section */

/* Begin PBXSourcesBuildPhase section */
		C29B8785722055ED95EF7B57 /* Build Sources */ = {
			isa = PBXSourcesBuildPhase;
			buildActionMask = 2147483647;
			files = (
				2B093CA6F071B023A473CED0 /* main.cpp in Build Sources */,
				F7966146FE2682DF0478BEC0 /* MainWindow.cpp in Build Sources */,
				A4582233947FB7FB159573BB /* moc_MainWindow.cpp in Build Sources */,
			);
			name = "Build Sources";
			runOnlyForDeploymentPostprocessing = 0;
		};
/* End PBXSourcesBuildPhase section */

/* Begin XCBuildConfiguration section */
		85724A5C1088AC4E00B54B26 /* Debug */ = {
			isa = XCBuildConfiguration;
			buildSettings = {
				ARCHS = x86_64;
				BUILD_ROOT = /Users/rilley_elf/_dev/univer/9/DecisionSystems/QGisLibTest;
				COPY_PHASE_STRIP = NO;
				DYLIB_COMPATIBILITY_VERSION = 1.0;
				DYLIB_CURRENT_VERSION = 1.0.0;
				FRAMEWORK_SEARCH_PATHS = (
					"$(inherited)",
					"$(FRAMEWORK_SEARCH_PATHS_QUOTED_FOR_TARGET_1)",
				);
				FRAMEWORK_SEARCH_PATHS_QUOTED_FOR_TARGET_1 = "\"/opt/local/libexec/qt4-mac/lib\"";
				GCC_GENERATE_DEBUGGING_SYMBOLS = YES;
				GCC_OPTIMIZATION_LEVEL = 0;
				HEADER_SEARCH_PATHS = (
					"/opt/local/libexec/qt4-mac/lib/QtCore.framework/Versions/4/Headers",
					"/opt/local/libexec/qt4-mac/include/QtCore",
					"/opt/local/libexec/qt4-mac/lib/QtGui.framework/Versions/4/Headers",
					"/opt/local/libexec/qt4-mac/include/QtXml",
					"/opt/local/libexec/qt4-mac/include/QtGui",
					"/opt/local/libexec/qt4-mac/include",
					/Applications/MacPorts/qgis1.3.0.app/Contents/MacOS/include/qgis,
					/core,
					/gui,
					/plugins,
					/providers,
					/raster,
					/ui,
					.,
					.,
					/opt/local/include,
					/usr/local/include,
					/System/Library/Frameworks/CarbonCore.framework/Headers,
					"/opt/local/libexec/qt4-mac/mkspecs/macx-xcode",
				);
				INFOPLIST_FILE = Info.plist;
				LEXFLAGS = "";
				LIBRARY_SEARCH_PATHS = (
					"/opt/local/libexec/qt4-mac/lib",
					/opt/local/lib,
					"/opt/local/libexec/qt4-mac/lib",
					/System/Library/Frameworks/,
					"$(LIBRARY_SEARCH_PATHS_QUOTED_FOR_TARGET_1)",
				);
				LIBRARY_SEARCH_PATHS_QUOTED_FOR_TARGET_1 = "\"$(SRCROOT)/../../../../../tests/qgis_lib\"";
				MACOSX_DEPLOYMENT_TARGET = 10.3;
				OTHER_CFLAGS = (
					"-pipe",
					"-g",
					"-Wall",
					"-W",
					"-DQT_GUI_LIB",
					"-DQT_CORE_LIB",
					"-DQT_SHARED",
				);
				OTHER_CPLUSPLUSFLAGS = (
					"-pipe",
					"-g",
					"-Wall",
					"-W",
					"-DQT_GUI_LIB",
					"-DQT_CORE_LIB",
					"-DQT_SHARED",
				);
				OTHER_LDFLAGS = (
					"-headerpad_max_install_names",
					"-L/opt/local/libexec/qt4-mac/lib",
					"-F/opt/local/libexec/qt4-mac/lib",
					"-L/opt/local/lib",
					"-L/opt/local/libexec/qt4-mac/lib",
					"-F/opt/local/libexec/qt4-mac/lib",
					"-lm",
				);
				OTHER_REZFLAGS = "";
				PREBINDING = NO;
				PRODUCT_NAME = QGisLibTest;
				SECTORDER_FLAGS = "";
				WARNING_CFLAGS = "";
				YACCFLAGS = "-d";
			};
			name = Debug;
		};
		85724A5D1088AC4E00B54B26 /* Release */ = {
			isa = XCBuildConfiguration;
			buildSettings = {
				ARCHS = x86_64;
				BUILD_ROOT = /Users/rilley_elf/_dev/univer/9/DecisionSystems/QGisLibTest;
				COPY_PHASE_STRIP = YES;
				DYLIB_COMPATIBILITY_VERSION = 1.0;
				DYLIB_CURRENT_VERSION = 1.0.0;
				FRAMEWORK_SEARCH_PATHS = (
					"$(inherited)",
					"$(FRAMEWORK_SEARCH_PATHS_QUOTED_FOR_TARGET_1)",
				);
				FRAMEWORK_SEARCH_PATHS_QUOTED_FOR_TARGET_1 = "\"/opt/local/libexec/qt4-mac/lib\"";
				GCC_GENERATE_DEBUGGING_SYMBOLS = NO;
				HEADER_SEARCH_PATHS = (
					"/opt/local/libexec/qt4-mac/lib/QtCore.framework/Versions/4/Headers",
					"/opt/local/libexec/qt4-mac/include/QtCore",
					"/opt/local/libexec/qt4-mac/lib/QtGui.framework/Versions/4/Headers",
					"/opt/local/libexec/qt4-mac/include/QtGui",
					"/opt/local/libexec/qt4-mac/include",
					/Applications/MacPorts/qgis1.3.0.app/Contents/MacOS/include/qgis,
					/core,
					/gui,
					/plugins,
					/providers,
					/raster,
					/ui,
					.,
					.,
					/opt/local/include,
					/usr/local/include,
					/System/Library/Frameworks/CarbonCore.framework/Headers,
					"/opt/local/libexec/qt4-mac/mkspecs/macx-xcode",
				);
				INFOPLIST_FILE = Info.plist;
				LEXFLAGS = "";
				LIBRARY_SEARCH_PATHS = (
					"/opt/local/libexec/qt4-mac/lib",
					/opt/local/lib,
					"/opt/local/libexec/qt4-mac/lib",
					/System/Library/Frameworks/,
					"$(LIBRARY_SEARCH_PATHS_QUOTED_FOR_TARGET_1)",
				);
				LIBRARY_SEARCH_PATHS_QUOTED_FOR_TARGET_1 = "\"$(SRCROOT)/../../../../../tests/qgis_lib\"";
				MACOSX_DEPLOYMENT_TARGET = 10.3;
				OTHER_CFLAGS = (
					"-pipe",
					"-g",
					"-Wall",
					"-W",
					"-DQT_GUI_LIB",
					"-DQT_CORE_LIB",
					"-DQT_SHARED",
				);
				OTHER_CPLUSPLUSFLAGS = (
					"-pipe",
					"-g",
					"-Wall",
					"-W",
					"-DQT_GUI_LIB",
					"-DQT_CORE_LIB",
					"-DQT_SHARED",
				);
				OTHER_LDFLAGS = (
					"-headerpad_max_install_names",
					"-L/opt/local/libexec/qt4-mac/lib",
					"-F/opt/local/libexec/qt4-mac/lib",
					"-L/opt/local/lib",
					"-L/opt/local/libexec/qt4-mac/lib",
					"-F/opt/local/libexec/qt4-mac/lib",
					"-lm",
				);
				OTHER_REZFLAGS = "";
				PREBINDING = NO;
				PRODUCT_NAME = QGisLibTest;
				SECTORDER_FLAGS = "";
				WARNING_CFLAGS = "";
				YACCFLAGS = "-d";
			};
			name = Release;
		};
		85724A5E1088AC4E00B54B26 /* Default */ = {
			isa = XCBuildConfiguration;
			buildSettings = {
				ARCHS = x86_64;
				BUILD_ROOT = /Users/rilley_elf/_dev/univer/9/DecisionSystems/QGisLibTest;
				DYLIB_COMPATIBILITY_VERSION = 1.0;
				DYLIB_CURRENT_VERSION = 1.0.0;
				FRAMEWORK_SEARCH_PATHS = (
					"$(inherited)",
					"$(FRAMEWORK_SEARCH_PATHS_QUOTED_FOR_TARGET_1)",
				);
				FRAMEWORK_SEARCH_PATHS_QUOTED_FOR_TARGET_1 = "\"/opt/local/libexec/qt4-mac/lib\"";
				HEADER_SEARCH_PATHS = (
					"/opt/local/libexec/qt4-mac/lib/QtCore.framework/Versions/4/Headers",
					"/opt/local/libexec/qt4-mac/include/QtCore",
					"/opt/local/libexec/qt4-mac/lib/QtGui.framework/Versions/4/Headers",
					"/opt/local/libexec/qt4-mac/include/QtGui",
					"/opt/local/libexec/qt4-mac/include",
					/Applications/MacPorts/qgis1.3.0.app/Contents/MacOS/include/qgis,
					/core,
					/gui,
					/plugins,
					/providers,
					/raster,
					/ui,
					.,
					.,
					/opt/local/include,
					/usr/local/include,
					/System/Library/Frameworks/CarbonCore.framework/Headers,
					"/opt/local/libexec/qt4-mac/mkspecs/macx-xcode",
				);
				INFOPLIST_FILE = Info.plist;
				LEXFLAGS = "";
				LIBRARY_SEARCH_PATHS = (
					"/opt/local/libexec/qt4-mac/lib",
					/opt/local/lib,
					"/opt/local/libexec/qt4-mac/lib",
					/System/Library/Frameworks/,
					"$(LIBRARY_SEARCH_PATHS_QUOTED_FOR_TARGET_1)",
				);
				LIBRARY_SEARCH_PATHS_QUOTED_FOR_TARGET_1 = "\"$(SRCROOT)/../../../../../tests/qgis_lib\"";
				MACOSX_DEPLOYMENT_TARGET = 10.3;
				OTHER_CFLAGS = (
					"-pipe",
					"-g",
					"-Wall",
					"-W",
					"-DQT_GUI_LIB",
					"-DQT_CORE_LIB",
					"-DQT_SHARED",
				);
				OTHER_CPLUSPLUSFLAGS = (
					"-pipe",
					"-g",
					"-Wall",
					"-W",
					"-DQT_GUI_LIB",
					"-DQT_CORE_LIB",
					"-DQT_SHARED",
				);
				OTHER_LDFLAGS = (
					"-headerpad_max_install_names",
					"-L/opt/local/libexec/qt4-mac/lib",
					"-F/opt/local/libexec/qt4-mac/lib",
					"-L/opt/local/lib",
					"-L/opt/local/libexec/qt4-mac/lib",
					"-F/opt/local/libexec/qt4-mac/lib",
					"-lm",
				);
				OTHER_REZFLAGS = "";
				PREBINDING = NO;
				PRODUCT_NAME = QGisLibTest;
				SECTORDER_FLAGS = "";
				WARNING_CFLAGS = "";
				YACCFLAGS = "-d";
			};
			name = Default;
		};
		8DB1DD96F65B1BF1FFC506E0 /* Debug */ = {
			isa = XCBuildConfiguration;
			buildSettings = {
				COPY_PHASE_STRIP = NO;
				GCC_GENERATE_DEBUGGING_SYMBOLS = YES;
				GCC_OPTIMIZATION_LEVEL = 0;
				HEADER_SEARCH_PATHS = "";
			};
			name = Debug;
		};
		95E1EB2E5DDD587BE5B3E548 /* Release */ = {
			isa = XCBuildConfiguration;
			buildSettings = {
				COPY_PHASE_STRIP = YES;
				GCC_GENERATE_DEBUGGING_SYMBOLS = NO;
				HEADER_SEARCH_PATHS = "";
			};
			name = Release;
		};
/* End XCBuildConfiguration section */

/* Begin XCConfigurationList section */
		2A951308CDB28F104D0A4BD2 /* Build configuration list for PBXProject "QGisLibTest" */ = {
			isa = XCConfigurationList;
			buildConfigurations = (
				8DB1DD96F65B1BF1FFC506E0 /* Debug */,
				95E1EB2E5DDD587BE5B3E548 /* Release */,
			);
			defaultConfigurationIsVisible = 0;
			defaultConfigurationName = Release;
		};
		85724A6C1088AC5A00B54B26 /* Build configuration list for PBXNativeTarget "QGisLibTest" */ = {
			isa = XCConfigurationList;
			buildConfigurations = (
				85724A5C1088AC4E00B54B26 /* Debug */,
				85724A5D1088AC4E00B54B26 /* Release */,
				85724A5E1088AC4E00B54B26 /* Default */,
			);
			defaultConfigurationIsVisible = 0;
			defaultConfigurationName = Default;
		};
/* End XCConfigurationList section */
	};
	rootObject = 91B15E841AA80083484172DE /* Project object */;
}
