Microsoft Visual Studio Solution File, Format Version 9.00
# Visual Studio 2005 Tools for Applications
Project("{8BC9CEB8-8B4A-11D0-8D11-00A0C91BC942}") = "sintezator", "sintezator.vcproj", "{F95E462D-14F5-4D9A-8A11-F6B6B1252B0F}"
EndProject
Global
	GlobalSection(SolutionConfigurationPlatforms) = preSolution
		Debug|Default = Debug|Default
		Release|Default = Release|Default
	EndGlobalSection
	GlobalSection(ProjectConfigurationPlatforms) = postSolution
		{F95E462D-14F5-4D9A-8A11-F6B6B1252B0F}.Debug|Default.ActiveCfg = Debug|Win32
		{F95E462D-14F5-4D9A-8A11-F6B6B1252B0F}.Debug|Default.Build.0 = Debug|Win32
		{F95E462D-14F5-4D9A-8A11-F6B6B1252B0F}.Release|Default.ActiveCfg = Release|Win32
		{F95E462D-14F5-4D9A-8A11-F6B6B1252B0F}.Release|Default.Build.0 = Release|Win32
	EndGlobalSection
	GlobalSection(SolutionProperties) = preSolution
		HideSolutionNode = FALSE
	EndGlobalSection
EndGlobal
