// !$*UTF8*$!
{
	archiveVersion = 1;
	classes = {
	};
	objectVersion = 45;
	objects = {

/* Begin PBXBuildFile section */
		1DDD58160DA1D0A300B32029 /* MainMenu.xib in Resources */ = {isa = PBXBuildFile; fileRef = 1DDD58140DA1D0A300B32029 /* MainMenu.xib */; };
		256AC3DA0F4B6AC300CF3369 /* SequencePredictorAppDelegate.m in Sources */ = {isa = PBXBuildFile; fileRef = 256AC3D90F4B6AC300CF3369 /* SequencePredictorAppDelegate.m */; };
		850608D210908FD00037F445 /* SequenceDataController.m in Sources */ = {isa = PBXBuildFile; fileRef = 850608D110908FD00037F445 /* SequenceDataController.m */; };
		8544216310911BD000361CF9 /* Neuron.m in Sources */ = {isa = PBXBuildFile; fileRef = 8544216210911BD000361CF9 /* Neuron.m */; };
		854421BB1091225F00361CF9 /* NeuroLay.m in Sources */ = {isa = PBXBuildFile; fileRef = 854421BA1091225F00361CF9 /* NeuroLay.m */; };
		854421F71091C31500361CF9 /* Affect.m in Sources */ = {isa = PBXBuildFile; fileRef = 854421F61091C31500361CF9 /* Affect.m */; };
		856C64DA10925361000513FF /* AcceptorNeuronLay.m in Sources */ = {isa = PBXBuildFile; fileRef = 856C64D910925361000513FF /* AcceptorNeuronLay.m */; };
		856C64E710925428000513FF /* RandomAffect.m in Sources */ = {isa = PBXBuildFile; fileRef = 856C64E610925428000513FF /* RandomAffect.m */; };
		856C64F81092553D000513FF /* ContextAffect.m in Sources */ = {isa = PBXBuildFile; fileRef = 856C64F71092553D000513FF /* ContextAffect.m */; };
		858C4D6A1091CB61000A85F2 /* NeuroNet.m in Sources */ = {isa = PBXBuildFile; fileRef = 858C4D691091CB61000A85F2 /* NeuroNet.m */; };
		858C4D8D1091D0F9000A85F2 /* PredictorNeuroNet.m in Sources */ = {isa = PBXBuildFile; fileRef = 858C4D8C1091D0F9000A85F2 /* PredictorNeuroNet.m */; };
		8D11072B0486CEB800E47090 /* InfoPlist.strings in Resources */ = {isa = PBXBuildFile; fileRef = 089C165CFE840E0CC02AAC07 /* InfoPlist.strings */; };
		8D11072D0486CEB800E47090 /* main.m in Sources */ = {isa = PBXBuildFile; fileRef = 29B97316FDCFA39411CA2CEA /* main.m */; settings = {ATTRIBUTES = (); }; };
		8D11072F0486CEB800E47090 /* Cocoa.framework in Frameworks */ = {isa = PBXBuildFile; fileRef = 1058C7A1FEA54F0111CA2CBB /* Cocoa.framework */; };
/* End PBXBuildFile section */

/* Begin PBXFileReference section */
		089C165DFE840E0CC02AAC07 /* English */ = {isa = PBXFileReference; fileEncoding = 4; lastKnownFileType = text.plist.strings; name = English; path = English.lproj/InfoPlist.strings; sourceTree = "<group>"; };
		1058C7A1FEA54F0111CA2CBB /* Cocoa.framework */ = {isa = PBXFileReference; lastKnownFileType = wrapper.framework; name = Cocoa.framework; path = /System/Library/Frameworks/Cocoa.framework; sourceTree = "<absolute>"; };
		13E42FB307B3F0F600E4EEF1 /* CoreData.framework */ = {isa = PBXFileReference; lastKnownFileType = wrapper.framework; name = CoreData.framework; path = /System/Library/Frameworks/CoreData.framework; sourceTree = "<absolute>"; };
		1DDD58150DA1D0A300B32029 /* English */ = {isa = PBXFileReference; lastKnownFileType = file.xib; name = English; path = English.lproj/MainMenu.xib; sourceTree = "<group>"; };
		256AC3D80F4B6AC300CF3369 /* SequencePredictorAppDelegate.h */ = {isa = PBXFileReference; fileEncoding = 4; lastKnownFileType = sourcecode.c.h; path = SequencePredictorAppDelegate.h; sourceTree = "<group>"; };
		256AC3D90F4B6AC300CF3369 /* SequencePredictorAppDelegate.m */ = {isa = PBXFileReference; fileEncoding = 4; lastKnownFileType = sourcecode.c.objc; path = SequencePredictorAppDelegate.m; sourceTree = "<group>"; };
		256AC3F00F4B6AF500CF3369 /* SequencePredictor_Prefix.pch */ = {isa = PBXFileReference; fileEncoding = 4; lastKnownFileType = sourcecode.c.h; path = SequencePredictor_Prefix.pch; sourceTree = "<group>"; };
		29B97316FDCFA39411CA2CEA /* main.m */ = {isa = PBXFileReference; fileEncoding = 4; lastKnownFileType = sourcecode.c.objc; path = main.m; sourceTree = "<group>"; };
		29B97324FDCFA39411CA2CEA /* AppKit.framework */ = {isa = PBXFileReference; lastKnownFileType = wrapper.framework; name = AppKit.framework; path = /System/Library/Frameworks/AppKit.framework; sourceTree = "<absolute>"; };
		29B97325FDCFA39411CA2CEA /* Foundation.framework */ = {isa = PBXFileReference; lastKnownFileType = wrapper.framework; name = Foundation.framework; path = /System/Library/Frameworks/Foundation.framework; sourceTree = "<absolute>"; };
		850608D010908FD00037F445 /* SequenceDataController.h */ = {isa = PBXFileReference; fileEncoding = 4; lastKnownFileType = sourcecode.c.h; path = SequenceDataController.h; sourceTree = "<group>"; };
		850608D110908FD00037F445 /* SequenceDataController.m */ = {isa = PBXFileReference; fileEncoding = 4; lastKnownFileType = sourcecode.c.objc; path = SequenceDataController.m; sourceTree = "<group>"; };
		8544216110911BD000361CF9 /* Neuron.h */ = {isa = PBXFileReference; fileEncoding = 4; lastKnownFileType = sourcecode.c.h; path = Neuron.h; sourceTree = "<group>"; };
		8544216210911BD000361CF9 /* Neuron.m */ = {isa = PBXFileReference; fileEncoding = 4; lastKnownFileType = sourcecode.c.objc; path = Neuron.m; sourceTree = "<group>"; };
		854421B91091225F00361CF9 /* NeuroLay.h */ = {isa = PBXFileReference; fileEncoding = 4; lastKnownFileType = sourcecode.c.h; path = NeuroLay.h; sourceTree = "<group>"; };
		854421BA1091225F00361CF9 /* NeuroLay.m */ = {isa = PBXFileReference; fileEncoding = 4; lastKnownFileType = sourcecode.c.objc; path = NeuroLay.m; sourceTree = "<group>"; };
		854421F51091C31500361CF9 /* Affect.h */ = {isa = PBXFileReference; fileEncoding = 4; lastKnownFileType = sourcecode.c.h; path = Affect.h; sourceTree = "<group>"; };
		854421F61091C31500361CF9 /* Affect.m */ = {isa = PBXFileReference; fileEncoding = 4; lastKnownFileType = sourcecode.c.objc; path = Affect.m; sourceTree = "<group>"; };
		856C64D810925361000513FF /* AcceptorNeuronLay.h */ = {isa = PBXFileReference; fileEncoding = 4; lastKnownFileType = sourcecode.c.h; path = AcceptorNeuronLay.h; sourceTree = "<group>"; };
		856C64D910925361000513FF /* AcceptorNeuronLay.m */ = {isa = PBXFileReference; fileEncoding = 4; lastKnownFileType = sourcecode.c.objc; path = AcceptorNeuronLay.m; sourceTree = "<group>"; };
		856C64E510925428000513FF /* RandomAffect.h */ = {isa = PBXFileReference; fileEncoding = 4; lastKnownFileType = sourcecode.c.h; path = RandomAffect.h; sourceTree = "<group>"; };
		856C64E610925428000513FF /* RandomAffect.m */ = {isa = PBXFileReference; fileEncoding = 4; lastKnownFileType = sourcecode.c.objc; path = RandomAffect.m; sourceTree = "<group>"; };
		856C64F61092553D000513FF /* ContextAffect.h */ = {isa = PBXFileReference; fileEncoding = 4; lastKnownFileType = sourcecode.c.h; path = ContextAffect.h; sourceTree = "<group>"; };
		856C64F71092553D000513FF /* ContextAffect.m */ = {isa = PBXFileReference; fileEncoding = 4; lastKnownFileType = sourcecode.c.objc; path = ContextAffect.m; sourceTree = "<group>"; };
		858C4D681091CB61000A85F2 /* NeuroNet.h */ = {isa = PBXFileReference; fileEncoding = 4; lastKnownFileType = sourcecode.c.h; path = NeuroNet.h; sourceTree = "<group>"; };
		858C4D691091CB61000A85F2 /* NeuroNet.m */ = {isa = PBXFileReference; fileEncoding = 4; lastKnownFileType = sourcecode.c.objc; path = NeuroNet.m; sourceTree = "<group>"; };
		858C4D8B1091D0F9000A85F2 /* PredictorNeuroNet.h */ = {isa = PBXFileReference; fileEncoding = 4; lastKnownFileType = sourcecode.c.h; path = PredictorNeuroNet.h; sourceTree = "<group>"; };
		858C4D8C1091D0F9000A85F2 /* PredictorNeuroNet.m */ = {isa = PBXFileReference; fileEncoding = 4; lastKnownFileType = sourcecode.c.objc; path = PredictorNeuroNet.m; sourceTree = "<group>"; };
		8D1107310486CEB800E47090 /* SequencePredictor-Info.plist */ = {isa = PBXFileReference; fileEncoding = 4; lastKnownFileType = text.plist.xml; path = "SequencePredictor-Info.plist"; sourceTree = "<group>"; };
		8D1107320486CEB800E47090 /* SequencePredictor.app */ = {isa = PBXFileReference; explicitFileType = wrapper.application; includeInIndex = 0; path = SequencePredictor.app; sourceTree = BUILT_PRODUCTS_DIR; };
/* End PBXFileReference section */

/* Begin PBXFrameworksBuildPhase section */
		8D11072E0486CEB800E47090 /* Frameworks */ = {
			isa = PBXFrameworksBuildPhase;
			buildActionMask = 2147483647;
			files = (
				8D11072F0486CEB800E47090 /* Cocoa.framework in Frameworks */,
			);
			runOnlyForDeploymentPostprocessing = 0;
		};
/* End PBXFrameworksBuildPhase section */

/* Begin PBXGroup section */
		080E96DDFE201D6D7F000001 /* Classes */ = {
			isa = PBXGroup;
			children = (
				256AC3D80F4B6AC300CF3369 /* SequencePredictorAppDelegate.h */,
				256AC3D90F4B6AC300CF3369 /* SequencePredictorAppDelegate.m */,
			);
			name = Classes;
			sourceTree = "<group>";
		};
		1058C7A0FEA54F0111CA2CBB /* Linked Frameworks */ = {
			isa = PBXGroup;
			children = (
				1058C7A1FEA54F0111CA2CBB /* Cocoa.framework */,
			);
			name = "Linked Frameworks";
			sourceTree = "<group>";
		};
		1058C7A2FEA54F0111CA2CBB /* Other Frameworks */ = {
			isa = PBXGroup;
			children = (
				29B97324FDCFA39411CA2CEA /* AppKit.framework */,
				13E42FB307B3F0F600E4EEF1 /* CoreData.framework */,
				29B97325FDCFA39411CA2CEA /* Foundation.framework */,
			);
			name = "Other Frameworks";
			sourceTree = "<group>";
		};
		19C28FACFE9D520D11CA2CBB /* Products */ = {
			isa = PBXGroup;
			children = (
				8D1107320486CEB800E47090 /* SequencePredictor.app */,
			);
			name = Products;
			sourceTree = "<group>";
		};
		29B97314FDCFA39411CA2CEA /* SequencePredictor */ = {
			isa = PBXGroup;
			children = (
				85F3F77D1090F84500BB7E6A /* Sources */,
				080E96DDFE201D6D7F000001 /* Classes */,
				29B97315FDCFA39411CA2CEA /* Other Sources */,
				29B97317FDCFA39411CA2CEA /* Resources */,
				29B97323FDCFA39411CA2CEA /* Frameworks */,
				19C28FACFE9D520D11CA2CBB /* Products */,
			);
			name = SequencePredictor;
			sourceTree = "<group>";
		};
		29B97315FDCFA39411CA2CEA /* Other Sources */ = {
			isa = PBXGroup;
			children = (
				256AC3F00F4B6AF500CF3369 /* SequencePredictor_Prefix.pch */,
				29B97316FDCFA39411CA2CEA /* main.m */,
			);
			name = "Other Sources";
			sourceTree = "<group>";
		};
		29B97317FDCFA39411CA2CEA /* Resources */ = {
			isa = PBXGroup;
			children = (
				8D1107310486CEB800E47090 /* SequencePredictor-Info.plist */,
				089C165CFE840E0CC02AAC07 /* InfoPlist.strings */,
				1DDD58140DA1D0A300B32029 /* MainMenu.xib */,
			);
			name = Resources;
			sourceTree = "<group>";
		};
		29B97323FDCFA39411CA2CEA /* Frameworks */ = {
			isa = PBXGroup;
			children = (
				1058C7A0FEA54F0111CA2CBB /* Linked Frameworks */,
				1058C7A2FEA54F0111CA2CBB /* Other Frameworks */,
			);
			name = Frameworks;
			sourceTree = "<group>";
		};
		856C64E0109253F3000513FF /* NeuroLays */ = {
			isa = PBXGroup;
			children = (
				856C64D910925361000513FF /* AcceptorNeuronLay.m */,
				856C64D810925361000513FF /* AcceptorNeuronLay.h */,
				854421BA1091225F00361CF9 /* NeuroLay.m */,
				854421B91091225F00361CF9 /* NeuroLay.h */,
			);
			name = NeuroLays;
			sourceTree = "<group>";
		};
		856C64E21092540D000513FF /* Affectors */ = {
			isa = PBXGroup;
			children = (
				856C64E510925428000513FF /* RandomAffect.h */,
				856C64E610925428000513FF /* RandomAffect.m */,
				854421F51091C31500361CF9 /* Affect.h */,
				854421F61091C31500361CF9 /* Affect.m */,
				856C64F61092553D000513FF /* ContextAffect.h */,
				856C64F71092553D000513FF /* ContextAffect.m */,
			);
			name = Affectors;
			sourceTree = "<group>";
		};
		85F3F77D1090F84500BB7E6A /* Sources */ = {
			isa = PBXGroup;
			children = (
				85F3F77E1090F85B00BB7E6A /* NeuroNet */,
				850608D010908FD00037F445 /* SequenceDataController.h */,
				850608D110908FD00037F445 /* SequenceDataController.m */,
			);
			name = Sources;
			sourceTree = "<group>";
		};
		85F3F77E1090F85B00BB7E6A /* NeuroNet */ = {
			isa = PBXGroup;
			children = (
				856C64E21092540D000513FF /* Affectors */,
				856C64E0109253F3000513FF /* NeuroLays */,
				8544216110911BD000361CF9 /* Neuron.h */,
				8544216210911BD000361CF9 /* Neuron.m */,
				858C4D681091CB61000A85F2 /* NeuroNet.h */,
				858C4D691091CB61000A85F2 /* NeuroNet.m */,
				858C4D8B1091D0F9000A85F2 /* PredictorNeuroNet.h */,
				858C4D8C1091D0F9000A85F2 /* PredictorNeuroNet.m */,
			);
			name = NeuroNet;
			sourceTree = "<group>";
		};
/* End PBXGroup section */

/* Begin PBXNativeTarget section */
		8D1107260486CEB800E47090 /* SequencePredictor */ = {
			isa = PBXNativeTarget;
			buildConfigurationList = C01FCF4A08A954540054247B /* Build configuration list for PBXNativeTarget "SequencePredictor" */;
			buildPhases = (
				8D1107290486CEB800E47090 /* Resources */,
				8D11072C0486CEB800E47090 /* Sources */,
				8D11072E0486CEB800E47090 /* Frameworks */,
			);
			buildRules = (
			);
			dependencies = (
			);
			name = SequencePredictor;
			productInstallPath = "$(HOME)/Applications";
			productName = SequencePredictor;
			productReference = 8D1107320486CEB800E47090 /* SequencePredictor.app */;
			productType = "com.apple.product-type.application";
		};
/* End PBXNativeTarget section */

/* Begin PBXProject section */
		29B97313FDCFA39411CA2CEA /* Project object */ = {
			isa = PBXProject;
			buildConfigurationList = C01FCF4E08A954540054247B /* Build configuration list for PBXProject "SequencePredictor" */;
			compatibilityVersion = "Xcode 3.1";
			hasScannedForEncodings = 1;
			mainGroup = 29B97314FDCFA39411CA2CEA /* SequencePredictor */;
			projectDirPath = "";
			projectRoot = "";
			targets = (
				8D1107260486CEB800E47090 /* SequencePredictor */,
			);
		};
/* End PBXProject section */

/* Begin PBXResourcesBuildPhase section */
		8D1107290486CEB800E47090 /* Resources */ = {
			isa = PBXResourcesBuildPhase;
			buildActionMask = 2147483647;
			files = (
				8D11072B0486CEB800E47090 /* InfoPlist.strings in Resources */,
				1DDD58160DA1D0A300B32029 /* MainMenu.xib in Resources */,
			);
			runOnlyForDeploymentPostprocessing = 0;
		};
/* End PBXResourcesBuildPhase section */

/* Begin PBXSourcesBuildPhase section */
		8D11072C0486CEB800E47090 /* Sources */ = {
			isa = PBXSourcesBuildPhase;
			buildActionMask = 2147483647;
			files = (
				8D11072D0486CEB800E47090 /* main.m in Sources */,
				256AC3DA0F4B6AC300CF3369 /* SequencePredictorAppDelegate.m in Sources */,
				850608D210908FD00037F445 /* SequenceDataController.m in Sources */,
				8544216310911BD000361CF9 /* Neuron.m in Sources */,
				854421BB1091225F00361CF9 /* NeuroLay.m in Sources */,
				854421F71091C31500361CF9 /* Affect.m in Sources */,
				858C4D6A1091CB61000A85F2 /* NeuroNet.m in Sources */,
				858C4D8D1091D0F9000A85F2 /* PredictorNeuroNet.m in Sources */,
				856C64DA10925361000513FF /* AcceptorNeuronLay.m in Sources */,
				856C64E710925428000513FF /* RandomAffect.m in Sources */,
				856C64F81092553D000513FF /* ContextAffect.m in Sources */,
			);
			runOnlyForDeploymentPostprocessing = 0;
		};
/* End PBXSourcesBuildPhase section */

/* Begin PBXVariantGroup section */
		089C165CFE840E0CC02AAC07 /* InfoPlist.strings */ = {
			isa = PBXVariantGroup;
			children = (
				089C165DFE840E0CC02AAC07 /* English */,
			);
			name = InfoPlist.strings;
			sourceTree = "<group>";
		};
		1DDD58140DA1D0A300B32029 /* MainMenu.xib */ = {
			isa = PBXVariantGroup;
			children = (
				1DDD58150DA1D0A300B32029 /* English */,
			);
			name = MainMenu.xib;
			sourceTree = "<group>";
		};
/* End PBXVariantGroup section */

/* Begin XCBuildConfiguration section */
		C01FCF4B08A954540054247B /* Debug */ = {
			isa = XCBuildConfiguration;
			buildSettings = {
				ALWAYS_SEARCH_USER_PATHS = NO;
				COPY_PHASE_STRIP = NO;
				GCC_DYNAMIC_NO_PIC = NO;
				GCC_ENABLE_FIX_AND_CONTINUE = YES;
				GCC_MODEL_TUNING = G5;
				GCC_OPTIMIZATION_LEVEL = 0;
				GCC_PRECOMPILE_PREFIX_HEADER = YES;
				GCC_PREFIX_HEADER = SequencePredictor_Prefix.pch;
				INFOPLIST_FILE = "SequencePredictor-Info.plist";
				INSTALL_PATH = "$(HOME)/Applications";
				PRODUCT_NAME = SequencePredictor;
			};
			name = Debug;
		};
		C01FCF4C08A954540054247B /* Release */ = {
			isa = XCBuildConfiguration;
			buildSettings = {
				ALWAYS_SEARCH_USER_PATHS = NO;
				DEBUG_INFORMATION_FORMAT = "dwarf-with-dsym";
				GCC_MODEL_TUNING = G5;
				GCC_PRECOMPILE_PREFIX_HEADER = YES;
				GCC_PREFIX_HEADER = SequencePredictor_Prefix.pch;
				INFOPLIST_FILE = "SequencePredictor-Info.plist";
				INSTALL_PATH = "$(HOME)/Applications";
				PRODUCT_NAME = SequencePredictor;
			};
			name = Release;
		};
		C01FCF4F08A954540054247B /* Debug */ = {
			isa = XCBuildConfiguration;
			buildSettings = {
				ARCHS = "$(ARCHS_STANDARD_32_64_BIT)";
				GCC_C_LANGUAGE_STANDARD = gnu99;
				GCC_OPTIMIZATION_LEVEL = 0;
				GCC_WARN_ABOUT_RETURN_TYPE = YES;
				GCC_WARN_UNUSED_VARIABLE = YES;
				ONLY_ACTIVE_ARCH = YES;
				PREBINDING = NO;
				SDKROOT = macosx10.6;
			};
			name = Debug;
		};
		C01FCF5008A954540054247B /* Release */ = {
			isa = XCBuildConfiguration;
			buildSettings = {
				ARCHS = "$(ARCHS_STANDARD_32_64_BIT)";
				GCC_C_LANGUAGE_STANDARD = gnu99;
				GCC_WARN_ABOUT_RETURN_TYPE = YES;
				GCC_WARN_UNUSED_VARIABLE = YES;
				PREBINDING = NO;
				SDKROOT = macosx10.6;
			};
			name = Release;
		};
/* End XCBuildConfiguration section */

/* Begin XCConfigurationList section */
		C01FCF4A08A954540054247B /* Build configuration list for PBXNativeTarget "SequencePredictor" */ = {
			isa = XCConfigurationList;
			buildConfigurations = (
				C01FCF4B08A954540054247B /* Debug */,
				C01FCF4C08A954540054247B /* Release */,
			);
			defaultConfigurationIsVisible = 0;
			defaultConfigurationName = Release;
		};
		C01FCF4E08A954540054247B /* Build configuration list for PBXProject "SequencePredictor" */ = {
			isa = XCConfigurationList;
			buildConfigurations = (
				C01FCF4F08A954540054247B /* Debug */,
				C01FCF5008A954540054247B /* Release */,
			);
			defaultConfigurationIsVisible = 0;
			defaultConfigurationName = Release;
		};
/* End XCConfigurationList section */
	};
	rootObject = 29B97313FDCFA39411CA2CEA /* Project object */;
}
